
Microsoft Visual Studio Solution File, Format Version 12.00
# Visual Studio Version 17
VisualStudioVersion = 17.6.33829.357
MinimumVisualStudioVersion = 10.0.40219.1
Project("{FAE04EC0-301F-11D3-BF4B-00C04F79EFBC}") = "BlazorChat", "BlazorChat\BlazorChat.csproj", "{30A38A74-BDC1-40BB-BFB2-173E2A957FE6}"
EndProject
Global
	GlobalSection(SolutionConfigurationPlatforms) = preSolution
		Debug|Any CPU = Debug|Any CPU
		Release|Any CPU = Release|Any CPU
	EndGlobalSection
	GlobalSection(ProjectConfigurationPlatforms) = postSolution
		{30A38A74-BDC1-40BB-BFB2-173E2A957FE6}.Debug|Any CPU.ActiveCfg = Debug|Any CPU
		{30A38A74-BDC1-40BB-BFB2-173E2A957FE6}.Debug|Any CPU.Build.0 = Debug|Any CPU
		{30A38A74-BDC1-40BB-BFB2-173E2A957FE6}.Release|Any CPU.ActiveCfg = Release|Any CPU
		{30A38A74-BDC1-40BB-BFB2-173E2A957FE6}.Release|Any CPU.Build.0 = Release|Any CPU
	EndGlobalSection
	GlobalSection(SolutionProperties) = preSolution
		HideSolutionNode = FALSE
	EndGlobalSection
	GlobalSection(ExtensibilityGlobals) = postSolution
		SolutionGuid = {0F2B8F07-E713-42E0-8836-34970835B7D2}
	EndGlobalSection
EndGlobal
